
Microsoft Visual Studio Solution File, Format Version 12.00
# Visual Studio Version 17
VisualStudioVersion = 17.14.36616.10 d17.14
MinimumVisualStudioVersion = 10.0.40219.1
Project("{FAE04EC0-301F-11D3-BF4B-00C04F79EFBC}") = "Task4", "Task4\Task4.csproj", "{11FDFD07-6382-4873-94DB-66C7D9231D18}"
EndProject
Global
	GlobalSection(SolutionConfigurationPlatforms) = preSolution
		Debug|Any CPU = Debug|Any CPU
		Release|Any CPU = Release|Any CPU
	EndGlobalSection
	GlobalSection(ProjectConfigurationPlatforms) = postSolution
		{11FDFD07-6382-4873-94DB-66C7D9231D18}.Debug|Any CPU.ActiveCfg = Debug|Any CPU
		{11FDFD07-6382-4873-94DB-66C7D9231D18}.Debug|Any CPU.Build.0 = Debug|Any CPU
		{11FDFD07-6382-4873-94DB-66C7D9231D18}.Release|Any CPU.ActiveCfg = Release|Any CPU
		{11FDFD07-6382-4873-94DB-66C7D9231D18}.Release|Any CPU.Build.0 = Release|Any CPU
	EndGlobalSection
	GlobalSection(SolutionProperties) = preSolution
		HideSolutionNode = FALSE
	EndGlobalSection
	GlobalSection(ExtensibilityGlobals) = postSolution
		SolutionGuid = {1A2FEDB6-BA4B-4115-893C-E2B8E29C3CCF}
	EndGlobalSection
EndGlobal
